{
  "name": "@dot-map-renderer/util",
  "version": "0.0.13",
  "lockfileVersion": 2,
  "requires": true,
  "packages": {
    "": {
      "name": "@dot-map-renderer/util",
      "version": "0.0.13",
      "license": "ISC",
      "dependencies": {
        "eventemitter3": "^4.0.7"
      },
      "peerDependencies": {
        "@dot-map-renderer/component": "0.0.3"
      }
    },
    "node_modules/@dot-map-renderer/component": {
      "version": "0.0.3",
      "resolved": "https://registry.npmjs.org/@dot-map-renderer/component/-/component-0.0.3.tgz",
      "integrity": "sha512-klDh6qv+rOI3HpbX1x9xMASJXaB0wL33cx8m+VcBdjrppopKXPCterH1MgYOy1o7dhPKLSUZ36/aJyquuuJ33w==",
      "peer": true,
      "peerDependencies": {
        "@dot-map-renderer/consts": "0.0.3"
      }
    },
    "node_modules/@dot-map-renderer/consts": {
      "version": "0.0.3",
      "resolved": "https://registry.npmjs.org/@dot-map-renderer/consts/-/consts-0.0.3.tgz",
      "integrity": "sha512-xZLtwFTgYPQjJtHdVGiCp9SgsD+6tQqf1Ek/Whzwd7cz8i/nqo4fYj6a4+r5L0HSmY12/eRdUsjYTLnPuOi8AQ==",
      "peer": true
    },
    "node_modules/eventemitter3": {
      "version": "4.0.7",
      "resolved": "https://registry.npmjs.org/eventemitter3/-/eventemitter3-4.0.7.tgz",
      "integrity": "sha512-8guHBZCwKnFhYdHr2ysuRWErTwhoN2X8XELRlrRwpmfeY2jjuUN4taQMsULKUVo1K4DvZl+0pgfyoysHxvmvEw=="
    }
  },
  "dependencies": {
    "@dot-map-renderer/component": {
      "version": "0.0.3",
      "resolved": "https://registry.npmjs.org/@dot-map-renderer/component/-/component-0.0.3.tgz",
      "integrity": "sha512-klDh6qv+rOI3HpbX1x9xMASJXaB0wL33cx8m+VcBdjrppopKXPCterH1MgYOy1o7dhPKLSUZ36/aJyquuuJ33w==",
      "peer": true,
      "requires": {}
    },
    "@dot-map-renderer/consts": {
      "version": "0.0.3",
      "resolved": "https://registry.npmjs.org/@dot-map-renderer/consts/-/consts-0.0.3.tgz",
      "integrity": "sha512-xZLtwFTgYPQjJtHdVGiCp9SgsD+6tQqf1Ek/Whzwd7cz8i/nqo4fYj6a4+r5L0HSmY12/eRdUsjYTLnPuOi8AQ==",
      "peer": true
    },
    "eventemitter3": {
      "version": "4.0.7",
      "resolved": "https://registry.npmjs.org/eventemitter3/-/eventemitter3-4.0.7.tgz",
      "integrity": "sha512-8guHBZCwKnFhYdHr2ysuRWErTwhoN2X8XELRlrRwpmfeY2jjuUN4taQMsULKUVo1K4DvZl+0pgfyoysHxvmvEw=="
    }
  }
}
